
Microsoft Visual Studio Solution File, Format Version 12.00
# Visual Studio Version 17
VisualStudioVersion = 17.3.32825.248
MinimumVisualStudioVersion = 10.0.40219.1
Project("{9A19103F-16F7-4668-BE54-9A1E7A4F7556}") = "CorpusService", "CorpusService\CorpusService.csproj", "{D22D4970-D999-4E01-9313-94E00E212010}"
EndProject
Project("{9A19103F-16F7-4668-BE54-9A1E7A4F7556}") = "AppDriver", "AppDriver\AppDriver.csproj", "{6DC1A92F-3320-4E4C-9821-D9C8EC95A884}"
EndProject
Project("{9A19103F-16F7-4668-BE54-9A1E7A4F7556}") = "StringDistanceService", "StringDistanceService\StringDistanceService.csproj", "{ED7AED8E-954B-4AED-88A1-003ACC6E5F2E}"
EndProject
Project("{FAE04EC0-301F-11D3-BF4B-00C04F79EFBC}") = "AppCore", "ApppCore\AppCore.csproj", "{E288BF79-BCB3-493E-8AC3-264E3C8E0FEC}"
EndProject
Project("{FAE04EC0-301F-11D3-BF4B-00C04F79EFBC}") = "DocumentDistanceService", "DocumentDistanceService\DocumentDistanceService.csproj", "{EB7C74DF-23D9-4ABE-9416-FBA4E32CCF41}"
EndProject
Global
	GlobalSection(SolutionConfigurationPlatforms) = preSolution
		Debug|Any CPU = Debug|Any CPU
		Release|Any CPU = Release|Any CPU
	EndGlobalSection
	GlobalSection(ProjectConfigurationPlatforms) = postSolution
		{D22D4970-D999-4E01-9313-94E00E212010}.Debug|Any CPU.ActiveCfg = Debug|Any CPU
		{D22D4970-D999-4E01-9313-94E00E212010}.Debug|Any CPU.Build.0 = Debug|Any CPU
		{D22D4970-D999-4E01-9313-94E00E212010}.Release|Any CPU.ActiveCfg = Release|Any CPU
		{D22D4970-D999-4E01-9313-94E00E212010}.Release|Any CPU.Build.0 = Release|Any CPU
		{6DC1A92F-3320-4E4C-9821-D9C8EC95A884}.Debug|Any CPU.ActiveCfg = Debug|Any CPU
		{6DC1A92F-3320-4E4C-9821-D9C8EC95A884}.Debug|Any CPU.Build.0 = Debug|Any CPU
		{6DC1A92F-3320-4E4C-9821-D9C8EC95A884}.Release|Any CPU.ActiveCfg = Release|Any CPU
		{6DC1A92F-3320-4E4C-9821-D9C8EC95A884}.Release|Any CPU.Build.0 = Release|Any CPU
		{ED7AED8E-954B-4AED-88A1-003ACC6E5F2E}.Debug|Any CPU.ActiveCfg = Debug|Any CPU
		{ED7AED8E-954B-4AED-88A1-003ACC6E5F2E}.Debug|Any CPU.Build.0 = Debug|Any CPU
		{ED7AED8E-954B-4AED-88A1-003ACC6E5F2E}.Release|Any CPU.ActiveCfg = Release|Any CPU
		{ED7AED8E-954B-4AED-88A1-003ACC6E5F2E}.Release|Any CPU.Build.0 = Release|Any CPU
		{E288BF79-BCB3-493E-8AC3-264E3C8E0FEC}.Debug|Any CPU.ActiveCfg = Debug|Any CPU
		{E288BF79-BCB3-493E-8AC3-264E3C8E0FEC}.Debug|Any CPU.Build.0 = Debug|Any CPU
		{E288BF79-BCB3-493E-8AC3-264E3C8E0FEC}.Release|Any CPU.ActiveCfg = Release|Any CPU
		{E288BF79-BCB3-493E-8AC3-264E3C8E0FEC}.Release|Any CPU.Build.0 = Release|Any CPU
		{EB7C74DF-23D9-4ABE-9416-FBA4E32CCF41}.Debug|Any CPU.ActiveCfg = Debug|Any CPU
		{EB7C74DF-23D9-4ABE-9416-FBA4E32CCF41}.Debug|Any CPU.Build.0 = Debug|Any CPU
		{EB7C74DF-23D9-4ABE-9416-FBA4E32CCF41}.Release|Any CPU.ActiveCfg = Release|Any CPU
		{EB7C74DF-23D9-4ABE-9416-FBA4E32CCF41}.Release|Any CPU.Build.0 = Release|Any CPU
	EndGlobalSection
	GlobalSection(SolutionProperties) = preSolution
		HideSolutionNode = FALSE
	EndGlobalSection
	GlobalSection(ExtensibilityGlobals) = postSolution
		SolutionGuid = {F7291099-F9BC-48CA-BBD1-5F6CDDE4E850}
	EndGlobalSection
EndGlobal
